
Microsoft Visual Studio Solution File, Format Version 12.00
# Visual Studio Version 17
VisualStudioVersion = 17.5.2.0
MinimumVisualStudioVersion = 10.0.40219.1
Project("{9A19103F-16F7-4668-BE54-9A1E7A4F7556}") = "API", "API\API.csproj", "{F25760BC-1C66-4E2B-B217-9C031F7A0563}"
EndProject
Project("{FAE04EC0-301F-11D3-BF4B-00C04F79EFBC}") = "API.Tests", "API.Tests\API.Tests.csproj", "{6958D5BA-754E-4694-982A-E92802F685FF}"
EndProject
Global
	GlobalSection(SolutionConfigurationPlatforms) = preSolution
		Debug|Any CPU = Debug|Any CPU
		Debug|x64 = Debug|x64
		Debug|x86 = Debug|x86
		Release|Any CPU = Release|Any CPU
		Release|x64 = Release|x64
		Release|x86 = Release|x86
	EndGlobalSection
	GlobalSection(ProjectConfigurationPlatforms) = postSolution
		{F25760BC-1C66-4E2B-B217-9C031F7A0563}.Debug|Any CPU.ActiveCfg = Debug|Any CPU
		{F25760BC-1C66-4E2B-B217-9C031F7A0563}.Debug|Any CPU.Build.0 = Debug|Any CPU
		{F25760BC-1C66-4E2B-B217-9C031F7A0563}.Debug|x64.ActiveCfg = Debug|Any CPU
		{F25760BC-1C66-4E2B-B217-9C031F7A0563}.Debug|x64.Build.0 = Debug|Any CPU
		{F25760BC-1C66-4E2B-B217-9C031F7A0563}.Debug|x86.ActiveCfg = Debug|Any CPU
		{F25760BC-1C66-4E2B-B217-9C031F7A0563}.Debug|x86.Build.0 = Debug|Any CPU
		{F25760BC-1C66-4E2B-B217-9C031F7A0563}.Release|Any CPU.ActiveCfg = Release|Any CPU
		{F25760BC-1C66-4E2B-B217-9C031F7A0563}.Release|Any CPU.Build.0 = Release|Any CPU
		{F25760BC-1C66-4E2B-B217-9C031F7A0563}.Release|x64.ActiveCfg = Release|Any CPU
		{F25760BC-1C66-4E2B-B217-9C031F7A0563}.Release|x64.Build.0 = Release|Any CPU
		{F25760BC-1C66-4E2B-B217-9C031F7A0563}.Release|x86.ActiveCfg = Release|Any CPU
		{F25760BC-1C66-4E2B-B217-9C031F7A0563}.Release|x86.Build.0 = Release|Any CPU
		{6958D5BA-754E-4694-982A-E92802F685FF}.Debug|Any CPU.ActiveCfg = Debug|Any CPU
		{6958D5BA-754E-4694-982A-E92802F685FF}.Debug|Any CPU.Build.0 = Debug|Any CPU
		{6958D5BA-754E-4694-982A-E92802F685FF}.Debug|x64.ActiveCfg = Debug|Any CPU
		{6958D5BA-754E-4694-982A-E92802F685FF}.Debug|x64.Build.0 = Debug|Any CPU
		{6958D5BA-754E-4694-982A-E92802F685FF}.Debug|x86.ActiveCfg = Debug|Any CPU
		{6958D5BA-754E-4694-982A-E92802F685FF}.Debug|x86.Build.0 = Debug|Any CPU
		{6958D5BA-754E-4694-982A-E92802F685FF}.Release|Any CPU.ActiveCfg = Release|Any CPU
		{6958D5BA-754E-4694-982A-E92802F685FF}.Release|Any CPU.Build.0 = Release|Any CPU
		{6958D5BA-754E-4694-982A-E92802F685FF}.Release|x64.ActiveCfg = Release|Any CPU
		{6958D5BA-754E-4694-982A-E92802F685FF}.Release|x64.Build.0 = Release|Any CPU
		{6958D5BA-754E-4694-982A-E92802F685FF}.Release|x86.ActiveCfg = Release|Any CPU
		{6958D5BA-754E-4694-982A-E92802F685FF}.Release|x86.Build.0 = Release|Any CPU
	EndGlobalSection
	GlobalSection(SolutionProperties) = preSolution
		HideSolutionNode = FALSE
	EndGlobalSection
	GlobalSection(ExtensibilityGlobals) = postSolution
		SolutionGuid = {8FC70D66-7184-4968-95A2-5208B3F3F88C}
	EndGlobalSection
EndGlobal
